
Microsoft Visual Studio Solution File, Format Version 12.00
# Visual Studio 2013
VisualStudioVersion = 12.0.30501.0
MinimumVisualStudioVersion = 10.0.40219.1
Project("{FAE04EC0-301F-11D3-BF4B-00C04F79EFBC}") = "InfobloxWapi", "InfobloxWapi\InfobloxWapi.csproj", "{0B2C5E29-615E-4BF6-A357-787F54956C8E}"
EndProject
Project("{FAE04EC0-301F-11D3-BF4B-00C04F79EFBC}") = "TestInfobloxWapi", "TestInfobloxWapi\TestInfobloxWapi.csproj", "{4FA411CD-E3B4-44A6-98E9-1FF26A67FE9E}"
EndProject
Project("{FAE04EC0-301F-11D3-BF4B-00C04F79EFBC}") = "InfobloxWapiTests", "InfobloxWapiTests\InfobloxWapiTests.csproj", "{32B9A79E-1CD4-4D47-8F55-50A35AD57268}"
EndProject
Global
	GlobalSection(SolutionConfigurationPlatforms) = preSolution
		Debug|Any CPU = Debug|Any CPU
		Release|Any CPU = Release|Any CPU
	EndGlobalSection
	GlobalSection(ProjectConfigurationPlatforms) = postSolution
		{0B2C5E29-615E-4BF6-A357-787F54956C8E}.Debug|Any CPU.ActiveCfg = Debug|Any CPU
		{0B2C5E29-615E-4BF6-A357-787F54956C8E}.Debug|Any CPU.Build.0 = Debug|Any CPU
		{0B2C5E29-615E-4BF6-A357-787F54956C8E}.Release|Any CPU.ActiveCfg = Release|Any CPU
		{0B2C5E29-615E-4BF6-A357-787F54956C8E}.Release|Any CPU.Build.0 = Release|Any CPU
		{4FA411CD-E3B4-44A6-98E9-1FF26A67FE9E}.Debug|Any CPU.ActiveCfg = Debug|Any CPU
		{4FA411CD-E3B4-44A6-98E9-1FF26A67FE9E}.Debug|Any CPU.Build.0 = Debug|Any CPU
		{4FA411CD-E3B4-44A6-98E9-1FF26A67FE9E}.Release|Any CPU.ActiveCfg = Release|Any CPU
		{4FA411CD-E3B4-44A6-98E9-1FF26A67FE9E}.Release|Any CPU.Build.0 = Release|Any CPU
		{32B9A79E-1CD4-4D47-8F55-50A35AD57268}.Debug|Any CPU.ActiveCfg = Debug|Any CPU
		{32B9A79E-1CD4-4D47-8F55-50A35AD57268}.Debug|Any CPU.Build.0 = Debug|Any CPU
		{32B9A79E-1CD4-4D47-8F55-50A35AD57268}.Release|Any CPU.ActiveCfg = Release|Any CPU
		{32B9A79E-1CD4-4D47-8F55-50A35AD57268}.Release|Any CPU.Build.0 = Release|Any CPU
	EndGlobalSection
	GlobalSection(SolutionProperties) = preSolution
		HideSolutionNode = FALSE
	EndGlobalSection
EndGlobal
